
Microsoft Visual Studio Solution File, Format Version 12.00
# Visual Studio Version 17
VisualStudioVersion = 17.4.33403.182
MinimumVisualStudioVersion = 10.0.40219.1
Project("{9A19103F-16F7-4668-BE54-9A1E7A4F7556}") = "GeracaoModelo", "GeracaoModelo\GeracaoModelo.csproj", "{CF78F912-CFF3-425A-B2FF-014D04CEFE00}"
EndProject
Project("{9A19103F-16F7-4668-BE54-9A1E7A4F7556}") = "API.LeituraDados", "API.LeituraDados\API.LeituraDados.csproj", "{40C189B5-0457-4321-BCCB-E61A8F4B1EED}"
EndProject
Project("{2150E333-8FDC-42A3-9474-1A3956D46DE8}") = "Solution Items", "Solution Items", "{86F6E98F-B193-471F-BB80-32E3175CAF93}"
	ProjectSection(SolutionItems) = preProject
		.editorconfig = .editorconfig
	EndProjectSection
EndProject
Global
	GlobalSection(SolutionConfigurationPlatforms) = preSolution
		Debug|Any CPU = Debug|Any CPU
		Release|Any CPU = Release|Any CPU
	EndGlobalSection
	GlobalSection(ProjectConfigurationPlatforms) = postSolution
		{CF78F912-CFF3-425A-B2FF-014D04CEFE00}.Debug|Any CPU.ActiveCfg = Debug|Any CPU
		{CF78F912-CFF3-425A-B2FF-014D04CEFE00}.Debug|Any CPU.Build.0 = Debug|Any CPU
		{CF78F912-CFF3-425A-B2FF-014D04CEFE00}.Release|Any CPU.ActiveCfg = Release|Any CPU
		{CF78F912-CFF3-425A-B2FF-014D04CEFE00}.Release|Any CPU.Build.0 = Release|Any CPU
		{40C189B5-0457-4321-BCCB-E61A8F4B1EED}.Debug|Any CPU.ActiveCfg = Debug|Any CPU
		{40C189B5-0457-4321-BCCB-E61A8F4B1EED}.Debug|Any CPU.Build.0 = Debug|Any CPU
		{40C189B5-0457-4321-BCCB-E61A8F4B1EED}.Release|Any CPU.ActiveCfg = Release|Any CPU
		{40C189B5-0457-4321-BCCB-E61A8F4B1EED}.Release|Any CPU.Build.0 = Release|Any CPU
	EndGlobalSection
	GlobalSection(SolutionProperties) = preSolution
		HideSolutionNode = FALSE
	EndGlobalSection
	GlobalSection(ExtensibilityGlobals) = postSolution
		SolutionGuid = {78AC4C60-6600-4953-B841-3A20C40D7747}
	EndGlobalSection
EndGlobal
